// !$*UTF8*$!
{
	archiveVersion = 1;
	classes = {
	};
	objectVersion = 55;
	objects = {

/* Begin PBXBuildFile section */
		AC207B3727D7C042003F4E6E /* AppDelegate.swift in Sources */ = {isa = PBXBuildFile; fileRef = AC207B3627D7C042003F4E6E /* AppDelegate.swift */; };
		AC207B3927D7C042003F4E6E /* SceneDelegate.swift in Sources */ = {isa = PBXBuildFile; fileRef = AC207B3827D7C042003F4E6E /* SceneDelegate.swift */; };
		AC207B3B27D7C042003F4E6E /* ViewController.swift in Sources */ = {isa = PBXBuildFile; fileRef = AC207B3A27D7C042003F4E6E /* ViewController.swift */; };
		AC207B3E27D7C042003F4E6E /* Main.storyboard in Resources */ = {isa = PBXBuildFile; fileRef = AC207B3C27D7C042003F4E6E /* Main.storyboard */; };
		AC207B4027D7C043003F4E6E /* Assets.xcassets in Resources */ = {isa = PBXBuildFile; fileRef = AC207B3F27D7C043003F4E6E /* Assets.xcassets */; };
		AC207B4327D7C043003F4E6E /* LaunchScreen.storyboard in Resources */ = {isa = PBXBuildFile; fileRef = AC207B4127D7C043003F4E6E /* LaunchScreen.storyboard */; };
		AC207B4B27D7C08D003F4E6E /* RatingsState.swift in Sources */ = {isa = PBXBuildFile; fileRef = AC207B4A27D7C08D003F4E6E /* RatingsState.swift */; };
		AC207B4D27D7C17B003F4E6E /* MassageRating.swift in Sources */ = {isa = PBXBuildFile; fileRef = AC207B4C27D7C17B003F4E6E /* MassageRating.swift */; };
		AC207B4F27D7C21F003F4E6E /* SpaStaffRating.swift in Sources */ = {isa = PBXBuildFile; fileRef = AC207B4E27D7C21F003F4E6E /* SpaStaffRating.swift */; };
		AC207B5127D7C295003F4E6E /* SpaServiceRating.swift in Sources */ = {isa = PBXBuildFile; fileRef = AC207B5027D7C295003F4E6E /* SpaServiceRating.swift */; };
/* End PBXBuildFile section */

/* Begin PBXFileReference section */
		AC207B3327D7C042003F4E6E /* Spa.app */ = {isa = PBXFileReference; explicitFileType = wrapper.application; includeInIndex = 0; path = Spa.app; sourceTree = BUILT_PRODUCTS_DIR; };
		AC207B3627D7C042003F4E6E /* AppDelegate.swift */ = {isa = PBXFileReference; lastKnownFileType = sourcecode.swift; path = AppDelegate.swift; sourceTree = "<group>"; };
		AC207B3827D7C042003F4E6E /* SceneDelegate.swift */ = {isa = PBXFileReference; lastKnownFileType = sourcecode.swift; path = SceneDelegate.swift; sourceTree = "<group>"; };
		AC207B3A27D7C042003F4E6E /* ViewController.swift */ = {isa = PBXFileReference; lastKnownFileType = sourcecode.swift; path = ViewController.swift; sourceTree = "<group>"; };
		AC207B3D27D7C042003F4E6E /* Base */ = {isa = PBXFileReference; lastKnownFileType = file.storyboard; name = Base; path = Base.lproj/Main.storyboard; sourceTree = "<group>"; };
		AC207B3F27D7C043003F4E6E /* Assets.xcassets */ = {isa = PBXFileReference; lastKnownFileType = folder.assetcatalog; path = Assets.xcassets; sourceTree = "<group>"; };
		AC207B4227D7C043003F4E6E /* Base */ = {isa = PBXFileReference; lastKnownFileType = file.storyboard; name = Base; path = Base.lproj/LaunchScreen.storyboard; sourceTree = "<group>"; };
		AC207B4427D7C043003F4E6E /* Info.plist */ = {isa = PBXFileReference; lastKnownFileType = text.plist.xml; path = Info.plist; sourceTree = "<group>"; };
		AC207B4A27D7C08D003F4E6E /* RatingsState.swift */ = {isa = PBXFileReference; lastKnownFileType = sourcecode.swift; path = RatingsState.swift; sourceTree = "<group>"; };
		AC207B4C27D7C17B003F4E6E /* MassageRating.swift */ = {isa = PBXFileReference; lastKnownFileType = sourcecode.swift; path = MassageRating.swift; sourceTree = "<group>"; };
		AC207B4E27D7C21F003F4E6E /* SpaStaffRating.swift */ = {isa = PBXFileReference; lastKnownFileType = sourcecode.swift; path = SpaStaffRating.swift; sourceTree = "<group>"; };
		AC207B5027D7C295003F4E6E /* SpaServiceRating.swift */ = {isa = PBXFileReference; lastKnownFileType = sourcecode.swift; path = SpaServiceRating.swift; sourceTree = "<group>"; };
/* End PBXFileReference section */

/* Begin PBXFrameworksBuildPhase section */
		AC207B3027D7C042003F4E6E /* Frameworks */ = {
			isa = PBXFrameworksBuildPhase;
			buildActionMask = 2147483647;
			files = (
			);
			runOnlyForDeploymentPostprocessing = 0;
		};
/* End PBXFrameworksBuildPhase section */

/* Begin PBXGroup section */
		AC207B2A27D7C042003F4E6E = {
			isa = PBXGroup;
			children = (
				AC207B3527D7C042003F4E6E /* Spa */,
				AC207B3427D7C042003F4E6E /* Products */,
			);
			sourceTree = "<group>";
		};
		AC207B3427D7C042003F4E6E /* Products */ = {
			isa = PBXGroup;
			children = (
				AC207B3327D7C042003F4E6E /* Spa.app */,
			);
			name = Products;
			sourceTree = "<group>";
		};
		AC207B3527D7C042003F4E6E /* Spa */ = {
			isa = PBXGroup;
			children = (
				AC207B3627D7C042003F4E6E /* AppDelegate.swift */,
				AC207B3827D7C042003F4E6E /* SceneDelegate.swift */,
				AC207B3A27D7C042003F4E6E /* ViewController.swift */,
				AC207B3C27D7C042003F4E6E /* Main.storyboard */,
				AC207B3F27D7C043003F4E6E /* Assets.xcassets */,
				AC207B4127D7C043003F4E6E /* LaunchScreen.storyboard */,
				AC207B4427D7C043003F4E6E /* Info.plist */,
				AC207B4A27D7C08D003F4E6E /* RatingsState.swift */,
				AC207B4C27D7C17B003F4E6E /* MassageRating.swift */,
				AC207B4E27D7C21F003F4E6E /* SpaStaffRating.swift */,
				AC207B5027D7C295003F4E6E /* SpaServiceRating.swift */,
			);
			path = Spa;
			sourceTree = "<group>";
		};
/* End PBXGroup section */

/* Begin PBXNativeTarget section */
		AC207B3227D7C042003F4E6E /* Spa */ = {
			isa = PBXNativeTarget;
			buildConfigurationList = AC207B4727D7C043003F4E6E /* Build configuration list for PBXNativeTarget "Spa" */;
			buildPhases = (
				AC207B2F27D7C042003F4E6E /* Sources */,
				AC207B3027D7C042003F4E6E /* Frameworks */,
				AC207B3127D7C042003F4E6E /* Resources */,
			);
			buildRules = (
			);
			dependencies = (
			);
			name = Spa;
			productName = Spa;
			productReference = AC207B3327D7C042003F4E6E /* Spa.app */;
			productType = "com.apple.product-type.application";
		};
/* End PBXNativeTarget section */

/* Begin PBXProject section */
		AC207B2B27D7C042003F4E6E /* Project object */ = {
			isa = PBXProject;
			attributes = {
				BuildIndependentTargetsInParallel = 1;
				LastSwiftUpdateCheck = 1320;
				LastUpgradeCheck = 1320;
				TargetAttributes = {
					AC207B3227D7C042003F4E6E = {
						CreatedOnToolsVersion = 13.2.1;
					};
				};
			};
			buildConfigurationList = AC207B2E27D7C042003F4E6E /* Build configuration list for PBXProject "Spa" */;
			compatibilityVersion = "Xcode 13.0";
			developmentRegion = en;
			hasScannedForEncodings = 0;
			knownRegions = (
				en,
				Base,
			);
			mainGroup = AC207B2A27D7C042003F4E6E;
			productRefGroup = AC207B3427D7C042003F4E6E /* Products */;
			projectDirPath = "";
			projectRoot = "";
			targets = (
				AC207B3227D7C042003F4E6E /* Spa */,
			);
		};
/* End PBXProject section */

/* Begin PBXResourcesBuildPhase section */
		AC207B3127D7C042003F4E6E /* Resources */ = {
			isa = PBXResourcesBuildPhase;
			buildActionMask = 2147483647;
			files = (
				AC207B4327D7C043003F4E6E /* LaunchScreen.storyboard in Resources */,
				AC207B4027D7C043003F4E6E /* Assets.xcassets in Resources */,
				AC207B3E27D7C042003F4E6E /* Main.storyboard in Resources */,
			);
			runOnlyForDeploymentPostprocessing = 0;
		};
/* End PBXResourcesBuildPhase section */

/* Begin PBXSourcesBuildPhase section */
		AC207B2F27D7C042003F4E6E /* Sources */ = {
			isa = PBXSourcesBuildPhase;
			buildActionMask = 2147483647;
			files = (
				AC207B5127D7C295003F4E6E /* SpaServiceRating.swift in Sources */,
				AC207B3B27D7C042003F4E6E /* ViewController.swift in Sources */,
				AC207B3727D7C042003F4E6E /* AppDelegate.swift in Sources */,
				AC207B4B27D7C08D003F4E6E /* RatingsState.swift in Sources */,
				AC207B4D27D7C17B003F4E6E /* MassageRating.swift in Sources */,
				AC207B4F27D7C21F003F4E6E /* SpaStaffRating.swift in Sources */,
				AC207B3927D7C042003F4E6E /* SceneDelegate.swift in Sources */,
			);
			runOnlyForDeploymentPostprocessing = 0;
		};
/* End PBXSourcesBuildPhase section */

/* Begin PBXVariantGroup section */
		AC207B3C27D7C042003F4E6E /* Main.storyboard */ = {
			isa = PBXVariantGroup;
			children = (
				AC207B3D27D7C042003F4E6E /* Base */,
			);
			name = Main.storyboard;
			sourceTree = "<group>";
		};
		AC207B4127D7C043003F4E6E /* LaunchScreen.storyboard */ = {
			isa = PBXVariantGroup;
			children = (
				AC207B4227D7C043003F4E6E /* Base */,
			);
			name = LaunchScreen.storyboard;
			sourceTree = "<group>";
		};
/* End PBXVariantGroup section */

/* Begin XCBuildConfiguration section */
		AC207B4527D7C043003F4E6E /* Debug */ = {
			isa = XCBuildConfiguration;
			buildSettings = {
				ALWAYS_SEARCH_USER_PATHS = NO;
				CLANG_ANALYZER_NONNULL = YES;
				CLANG_ANALYZER_NUMBER_OBJECT_CONVERSION = YES_AGGRESSIVE;
				CLANG_CXX_LANGUAGE_STANDARD = "gnu++17";
				CLANG_CXX_LIBRARY = "libc++";
				CLANG_ENABLE_MODULES = YES;
				CLANG_ENABLE_OBJC_ARC = YES;
				CLANG_ENABLE_OBJC_WEAK = YES;
				CLANG_WARN_BLOCK_CAPTURE_AUTORELEASING = YES;
				CLANG_WARN_BOOL_CONVERSION = YES;
				CLANG_WARN_COMMA = YES;
				CLANG_WARN_CONSTANT_CONVERSION = YES;
				CLANG_WARN_DEPRECATED_OBJC_IMPLEMENTATIONS = YES;
				CLANG_WARN_DIRECT_OBJC_ISA_USAGE = YES_ERROR;
				CLANG_WARN_DOCUMENTATION_COMMENTS = YES;
				CLANG_WARN_EMPTY_BODY = YES;
				CLANG_WARN_ENUM_CONVERSION = YES;
				CLANG_WARN_INFINITE_RECURSION = YES;
				CLANG_WARN_INT_CONVERSION = YES;
				CLANG_WARN_NON_LITERAL_NULL_CONVERSION = YES;
				CLANG_WARN_OBJC_IMPLICIT_RETAIN_SELF = YES;
				CLANG_WARN_OBJC_LITERAL_CONVERSION = YES;
				CLANG_WARN_OBJC_ROOT_CLASS = YES_ERROR;
				CLANG_WARN_QUOTED_INCLUDE_IN_FRAMEWORK_HEADER = YES;
				CLANG_WARN_RANGE_LOOP_ANALYSIS = YES;
				CLANG_WARN_STRICT_PROTOTYPES = YES;
				CLANG_WARN_SUSPICIOUS_MOVE = YES;
				CLANG_WARN_UNGUARDED_AVAILABILITY = YES_AGGRESSIVE;
				CLANG_WARN_UNREACHABLE_CODE = YES;
				CLANG_WARN__DUPLICATE_METHOD_MATCH = YES;
				COPY_PHASE_STRIP = NO;
				DEBUG_INFORMATION_FORMAT = dwarf;
				ENABLE_STRICT_OBJC_MSGSEND = YES;
				ENABLE_TESTABILITY = YES;
				GCC_C_LANGUAGE_STANDARD = gnu11;
				GCC_DYNAMIC_NO_PIC = NO;
				GCC_NO_COMMON_BLOCKS = YES;
				GCC_OPTIMIZATION_LEVEL = 0;
				GCC_PREPROCESSOR_DEFINITIONS = (
					"DEBUG=1",
					"$(inherited)",
				);
				GCC_WARN_64_TO_32_BIT_CONVERSION = YES;
				GCC_WARN_ABOUT_RETURN_TYPE = YES_ERROR;
				GCC_WARN_UNDECLARED_SELECTOR = YES;
				GCC_WARN_UNINITIALIZED_AUTOS = YES_AGGRESSIVE;
				GCC_WARN_UNUSED_FUNCTION = YES;
				GCC_WARN_UNUSED_VARIABLE = YES;
				IPHONEOS_DEPLOYMENT_TARGET = 15.2;
				MTL_ENABLE_DEBUG_INFO = INCLUDE_SOURCE;
				MTL_FAST_MATH = YES;
				ONLY_ACTIVE_ARCH = YES;
				SDKROOT = iphoneos;
				SWIFT_ACTIVE_COMPILATION_CONDITIONS = DEBUG;
				SWIFT_OPTIMIZATION_LEVEL = "-Onone";
			};
			name = Debug;
		};
		AC207B4627D7C043003F4E6E /* Release */ = {
			isa = XCBuildConfiguration;
			buildSettings = {
				ALWAYS_SEARCH_USER_PATHS = NO;
				CLANG_ANALYZER_NONNULL = YES;
				CLANG_ANALYZER_NUMBER_OBJECT_CONVERSION = YES_AGGRESSIVE;
				CLANG_CXX_LANGUAGE_STANDARD = "gnu++17";
				CLANG_CXX_LIBRARY = "libc++";
				CLANG_ENABLE_MODULES = YES;
				CLANG_ENABLE_OBJC_ARC = YES;
				CLANG_ENABLE_OBJC_WEAK = YES;
				CLANG_WARN_BLOCK_CAPTURE_AUTORELEASING = YES;
				CLANG_WARN_BOOL_CONVERSION = YES;
				CLANG_WARN_COMMA = YES;
				CLANG_WARN_CONSTANT_CONVERSION = YES;
				CLANG_WARN_DEPRECATED_OBJC_IMPLEMENTATIONS = YES;
				CLANG_WARN_DIRECT_OBJC_ISA_USAGE = YES_ERROR;
				CLANG_WARN_DOCUMENTATION_COMMENTS = YES;
				CLANG_WARN_EMPTY_BODY = YES;
				CLANG_WARN_ENUM_CONVERSION = YES;
				CLANG_WARN_INFINITE_RECURSION = YES;
				CLANG_WARN_INT_CONVERSION = YES;
				CLANG_WARN_NON_LITERAL_NULL_CONVERSION = YES;
				CLANG_WARN_OBJC_IMPLICIT_RETAIN_SELF = YES;
				CLANG_WARN_OBJC_LITERAL_CONVERSION = YES;
				CLANG_WARN_OBJC_ROOT_CLASS = YES_ERROR;
				CLANG_WARN_QUOTED_INCLUDE_IN_FRAMEWORK_HEADER = YES;
				CLANG_WARN_RANGE_LOOP_ANALYSIS = YES;
				CLANG_WARN_STRICT_PROTOTYPES = YES;
				CLANG_WARN_SUSPICIOUS_MOVE = YES;
				CLANG_WARN_UNGUARDED_AVAILABILITY = YES_AGGRESSIVE;
				CLANG_WARN_UNREACHABLE_CODE = YES;
				CLANG_WARN__DUPLICATE_METHOD_MATCH = YES;
				COPY_PHASE_STRIP = NO;
				DEBUG_INFORMATION_FORMAT = "dwarf-with-dsym";
				ENABLE_NS_ASSERTIONS = NO;
				ENABLE_STRICT_OBJC_MSGSEND = YES;
				GCC_C_LANGUAGE_STANDARD = gnu11;
				GCC_NO_COMMON_BLOCKS = YES;
				GCC_WARN_64_TO_32_BIT_CONVERSION = YES;
				GCC_WARN_ABOUT_RETURN_TYPE = YES_ERROR;
				GCC_WARN_UNDECLARED_SELECTOR = YES;
				GCC_WARN_UNINITIALIZED_AUTOS = YES_AGGRESSIVE;
				GCC_WARN_UNUSED_FUNCTION = YES;
				GCC_WARN_UNUSED_VARIABLE = YES;
				IPHONEOS_DEPLOYMENT_TARGET = 15.2;
				MTL_ENABLE_DEBUG_INFO = NO;
				MTL_FAST_MATH = YES;
				SDKROOT = iphoneos;
				SWIFT_COMPILATION_MODE = wholemodule;
				SWIFT_OPTIMIZATION_LEVEL = "-O";
				VALIDATE_PRODUCT = YES;
			};
			name = Release;
		};
		AC207B4827D7C043003F4E6E /* Debug */ = {
			isa = XCBuildConfiguration;
			buildSettings = {
				ASSETCATALOG_COMPILER_APPICON_NAME = AppIcon;
				ASSETCATALOG_COMPILER_GLOBAL_ACCENT_COLOR_NAME = AccentColor;
				CODE_SIGN_STYLE = Automatic;
				CURRENT_PROJECT_VERSION = 1;
				GENERATE_INFOPLIST_FILE = YES;
				INFOPLIST_FILE = Spa/Info.plist;
				INFOPLIST_KEY_UIApplicationSupportsIndirectInputEvents = YES;
				INFOPLIST_KEY_UILaunchStoryboardName = LaunchScreen;
				INFOPLIST_KEY_UIMainStoryboardFile = Main;
				INFOPLIST_KEY_UISupportedInterfaceOrientations_iPad = "UIInterfaceOrientationPortrait UIInterfaceOrientationPortraitUpsideDown UIInterfaceOrientationLandscapeLeft UIInterfaceOrientationLandscapeRight";
				INFOPLIST_KEY_UISupportedInterfaceOrientations_iPhone = "UIInterfaceOrientationPortrait UIInterfaceOrientationLandscapeLeft UIInterfaceOrientationLandscapeRight";
				LD_RUNPATH_SEARCH_PATHS = (
					"$(inherited)",
					"@executable_path/Frameworks",
				);
				MARKETING_VERSION = 1.0;
				PRODUCT_BUNDLE_IDENTIFIER = swift.tutorial.Spa;
				PRODUCT_NAME = "$(TARGET_NAME)";
				SWIFT_EMIT_LOC_STRINGS = YES;
				SWIFT_VERSION = 5.0;
				TARGETED_DEVICE_FAMILY = "1,2";
			};
			name = Debug;
		};
		AC207B4927D7C043003F4E6E /* Release */ = {
			isa = XCBuildConfiguration;
			buildSettings = {
				ASSETCATALOG_COMPILER_APPICON_NAME = AppIcon;
				ASSETCATALOG_COMPILER_GLOBAL_ACCENT_COLOR_NAME = AccentColor;
				CODE_SIGN_STYLE = Automatic;
				CURRENT_PROJECT_VERSION = 1;
				GENERATE_INFOPLIST_FILE = YES;
				INFOPLIST_FILE = Spa/Info.plist;
				INFOPLIST_KEY_UIApplicationSupportsIndirectInputEvents = YES;
				INFOPLIST_KEY_UILaunchStoryboardName = LaunchScreen;
				INFOPLIST_KEY_UIMainStoryboardFile = Main;
				INFOPLIST_KEY_UISupportedInterfaceOrientations_iPad = "UIInterfaceOrientationPortrait UIInterfaceOrientationPortraitUpsideDown UIInterfaceOrientationLandscapeLeft UIInterfaceOrientationLandscapeRight";
				INFOPLIST_KEY_UISupportedInterfaceOrientations_iPhone = "UIInterfaceOrientationPortrait UIInterfaceOrientationLandscapeLeft UIInterfaceOrientationLandscapeRight";
				LD_RUNPATH_SEARCH_PATHS = (
					"$(inherited)",
					"@executable_path/Frameworks",
				);
				MARKETING_VERSION = 1.0;
				PRODUCT_BUNDLE_IDENTIFIER = swift.tutorial.Spa;
				PRODUCT_NAME = "$(TARGET_NAME)";
				SWIFT_EMIT_LOC_STRINGS = YES;
				SWIFT_VERSION = 5.0;
				TARGETED_DEVICE_FAMILY = "1,2";
			};
			name = Release;
		};
/* End XCBuildConfiguration section */

/* Begin XCConfigurationList section */
		AC207B2E27D7C042003F4E6E /* Build configuration list for PBXProject "Spa" */ = {
			isa = XCConfigurationList;
			buildConfigurations = (
				AC207B4527D7C043003F4E6E /* Debug */,
				AC207B4627D7C043003F4E6E /* Release */,
			);
			defaultConfigurationIsVisible = 0;
			defaultConfigurationName = Release;
		};
		AC207B4727D7C043003F4E6E /* Build configuration list for PBXNativeTarget "Spa" */ = {
			isa = XCConfigurationList;
			buildConfigurations = (
				AC207B4827D7C043003F4E6E /* Debug */,
				AC207B4927D7C043003F4E6E /* Release */,
			);
			defaultConfigurationIsVisible = 0;
			defaultConfigurationName = Release;
		};
/* End XCConfigurationList section */
	};
	rootObject = AC207B2B27D7C042003F4E6E /* Project object */;
}
